
Microsoft Visual Studio Solution File, Format Version 12.00
Project("{FAE04EC0-301F-11D3-BF4B-00C04F79EFBC}") = "spinneyDoughnut", "spinneyDoughnut.csproj", "{751C5176-7F4A-40DB-BFDD-17F7230E8BD1}"
EndProject
Global
	GlobalSection(SolutionConfigurationPlatforms) = preSolution
		Debug|Any CPU = Debug|Any CPU
		Release|Any CPU = Release|Any CPU
	EndGlobalSection
	GlobalSection(ProjectConfigurationPlatforms) = postSolution
		{751C5176-7F4A-40DB-BFDD-17F7230E8BD1}.Debug|Any CPU.ActiveCfg = Debug|Any CPU
		{751C5176-7F4A-40DB-BFDD-17F7230E8BD1}.Debug|Any CPU.Build.0 = Debug|Any CPU
		{751C5176-7F4A-40DB-BFDD-17F7230E8BD1}.Release|Any CPU.ActiveCfg = Release|Any CPU
		{751C5176-7F4A-40DB-BFDD-17F7230E8BD1}.Release|Any CPU.Build.0 = Release|Any CPU
	EndGlobalSection
EndGlobal
